
Microsoft Visual Studio Solution File, Format Version 12.00
# Visual Studio Version 17
VisualStudioVersion = 17.7.34024.191
MinimumVisualStudioVersion = 10.0.40219.1
Project("{FAE04EC0-301F-11D3-BF4B-00C04F79EFBC}") = "AppPractica", "AppPractica\AppPractica.csproj", "{65B68F36-CEE8-4AA9-8973-DECE53E6C7C7}"
EndProject
Global
	GlobalSection(SolutionConfigurationPlatforms) = preSolution
		Debug|Any CPU = Debug|Any CPU
		Release|Any CPU = Release|Any CPU
	EndGlobalSection
	GlobalSection(ProjectConfigurationPlatforms) = postSolution
		{65B68F36-CEE8-4AA9-8973-DECE53E6C7C7}.Debug|Any CPU.ActiveCfg = Debug|Any CPU
		{65B68F36-CEE8-4AA9-8973-DECE53E6C7C7}.Debug|Any CPU.Build.0 = Debug|Any CPU
		{65B68F36-CEE8-4AA9-8973-DECE53E6C7C7}.Release|Any CPU.ActiveCfg = Release|Any CPU
		{65B68F36-CEE8-4AA9-8973-DECE53E6C7C7}.Release|Any CPU.Build.0 = Release|Any CPU
	EndGlobalSection
	GlobalSection(SolutionProperties) = preSolution
		HideSolutionNode = FALSE
	EndGlobalSection
	GlobalSection(ExtensibilityGlobals) = postSolution
		SolutionGuid = {4FEE37CE-96E3-401E-8B84-23DAB0E0178E}
	EndGlobalSection
EndGlobal
